
Microsoft Visual Studio Solution File, Format Version 12.00
# Visual Studio Version 17
VisualStudioVersion = 17.4.33103.184
MinimumVisualStudioVersion = 10.0.40219.1
Project("{9A19103F-16F7-4668-BE54-9A1E7A4F7556}") = "Memory.Test", "Memory.Test\Memory.Test.csproj", "{0A86566C-FE36-45C6-BDD1-6E07BB9091DC}"
EndProject
Project("{FAE04EC0-301F-11D3-BF4B-00C04F79EFBC}") = "Memory.Test.Legacy", "Memory.Test.Legacy\Memory.Test.Legacy.csproj", "{FE1ADA92-C527-4CF1-B47E-429ECDCB9F4A}"
EndProject
Global
	GlobalSection(SolutionConfigurationPlatforms) = preSolution
		Debug|Any CPU = Debug|Any CPU
		Release|Any CPU = Release|Any CPU
	EndGlobalSection
	GlobalSection(ProjectConfigurationPlatforms) = postSolution
		{0A86566C-FE36-45C6-BDD1-6E07BB9091DC}.Debug|Any CPU.ActiveCfg = Debug|Any CPU
		{0A86566C-FE36-45C6-BDD1-6E07BB9091DC}.Debug|Any CPU.Build.0 = Debug|Any CPU
		{0A86566C-FE36-45C6-BDD1-6E07BB9091DC}.Release|Any CPU.ActiveCfg = Release|Any CPU
		{0A86566C-FE36-45C6-BDD1-6E07BB9091DC}.Release|Any CPU.Build.0 = Release|Any CPU
		{FE1ADA92-C527-4CF1-B47E-429ECDCB9F4A}.Debug|Any CPU.ActiveCfg = Debug|Any CPU
		{FE1ADA92-C527-4CF1-B47E-429ECDCB9F4A}.Debug|Any CPU.Build.0 = Debug|Any CPU
		{FE1ADA92-C527-4CF1-B47E-429ECDCB9F4A}.Release|Any CPU.ActiveCfg = Release|Any CPU
		{FE1ADA92-C527-4CF1-B47E-429ECDCB9F4A}.Release|Any CPU.Build.0 = Release|Any CPU
	EndGlobalSection
	GlobalSection(SolutionProperties) = preSolution
		HideSolutionNode = FALSE
	EndGlobalSection
	GlobalSection(ExtensibilityGlobals) = postSolution
		SolutionGuid = {F9ABE61F-CBD6-4ABF-976B-1C7BF85390C9}
	EndGlobalSection
EndGlobal
